{
  "name": "studio-icons-build",
  "version": "1.0.0",
  "lockfileVersion": 3,
  "requires": true,
  "packages": {
    "": {
      "name": "studio-icons-build",
      "version": "1.0.0",
      "dependencies": {
        "@hugeicons/core-free-icons": "4.3.0"
      }
    },
    "node_modules/@hugeicons/core-free-icons": {
      "version": "4.3.0",
      "resolved": "https://registry.npmjs.org/@hugeicons/core-free-icons/-/core-free-icons-4.3.0.tgz",
      "integrity": "sha512-5DC5gq2psNDKBQThOjpuFCtMco8nl2FkrBzZgG15cFGM0kSwUoych/pw0DmjBygF9qRDITdBPtmzJqLsOeImMg==",
      "license": "MIT"
    }
  }
}
